
Microsoft Visual Studio Solution File, Format Version 12.00
# Visual Studio Version 16
VisualStudioVersion = 16.0.810.0
MinimumVisualStudioVersion = 10.0.40219.1
Project("{FAE04EC0-301F-11D3-BF4B-00C04F79EFBC}") = "InheritedBasketballPositions", "InheritedBasketballPositions\InheritedBasketballPositions.csproj", "{0CEE0421-5CBA-4C41-854C-AC48FD58C64A}"
EndProject
Project("{FAE04EC0-301F-11D3-BF4B-00C04F79EFBC}") = "ComposedBasketballPositions", "ComposedBasketballPositions\ComposedBasketballPositions.csproj", "{B5D1C225-BDBE-4D4B-9A92-E00FCDE857D3}"
EndProject
Project("{FAE04EC0-301F-11D3-BF4B-00C04F79EFBC}") = "ComposedBasketballPositionsTests", "ComposedBasketballPositionsTests\ComposedBasketballPositionsTests.csproj", "{8AA96E2D-9CD8-462B-A9B3-417D5704685B}"
EndProject
Project("{FAE04EC0-301F-11D3-BF4B-00C04F79EFBC}") = "InheritedBasketballPositionsTests", "InheritedBasketballPositionsTests\InheritedBasketballPositionsTests.csproj", "{D93EEC71-9413-4C3F-AE78-7806345FA1A5}"
EndProject
Global
	GlobalSection(SolutionConfigurationPlatforms) = preSolution
		Debug|Any CPU = Debug|Any CPU
		Release|Any CPU = Release|Any CPU
	EndGlobalSection
	GlobalSection(ProjectConfigurationPlatforms) = postSolution
		{0CEE0421-5CBA-4C41-854C-AC48FD58C64A}.Debug|Any CPU.ActiveCfg = Debug|Any CPU
		{0CEE0421-5CBA-4C41-854C-AC48FD58C64A}.Debug|Any CPU.Build.0 = Debug|Any CPU
		{0CEE0421-5CBA-4C41-854C-AC48FD58C64A}.Release|Any CPU.ActiveCfg = Release|Any CPU
		{0CEE0421-5CBA-4C41-854C-AC48FD58C64A}.Release|Any CPU.Build.0 = Release|Any CPU
		{B5D1C225-BDBE-4D4B-9A92-E00FCDE857D3}.Debug|Any CPU.ActiveCfg = Debug|Any CPU
		{B5D1C225-BDBE-4D4B-9A92-E00FCDE857D3}.Debug|Any CPU.Build.0 = Debug|Any CPU
		{B5D1C225-BDBE-4D4B-9A92-E00FCDE857D3}.Release|Any CPU.ActiveCfg = Release|Any CPU
		{B5D1C225-BDBE-4D4B-9A92-E00FCDE857D3}.Release|Any CPU.Build.0 = Release|Any CPU
		{8AA96E2D-9CD8-462B-A9B3-417D5704685B}.Debug|Any CPU.ActiveCfg = Debug|Any CPU
		{8AA96E2D-9CD8-462B-A9B3-417D5704685B}.Debug|Any CPU.Build.0 = Debug|Any CPU
		{8AA96E2D-9CD8-462B-A9B3-417D5704685B}.Release|Any CPU.ActiveCfg = Release|Any CPU
		{8AA96E2D-9CD8-462B-A9B3-417D5704685B}.Release|Any CPU.Build.0 = Release|Any CPU
		{D93EEC71-9413-4C3F-AE78-7806345FA1A5}.Debug|Any CPU.ActiveCfg = Debug|Any CPU
		{D93EEC71-9413-4C3F-AE78-7806345FA1A5}.Debug|Any CPU.Build.0 = Debug|Any CPU
		{D93EEC71-9413-4C3F-AE78-7806345FA1A5}.Release|Any CPU.ActiveCfg = Release|Any CPU
		{D93EEC71-9413-4C3F-AE78-7806345FA1A5}.Release|Any CPU.Build.0 = Release|Any CPU
	EndGlobalSection
	GlobalSection(SolutionProperties) = preSolution
		HideSolutionNode = FALSE
	EndGlobalSection
	GlobalSection(ExtensibilityGlobals) = postSolution
		SolutionGuid = {656C25C2-837A-469B-8CEC-2A1164565877}
	EndGlobalSection
EndGlobal
